{
    "_readme": [
        "This file locks the dependencies of your project to a known state",
        "Read more about it at https://getcomposer.org/doc/01-basic-usage.md#installing-dependencies",
        "This file is @generated automatically"
    ],
    "content-hash": "bcb082a5e70ccfc1a712e0aa1479f824",
    "packages": [
        {
            "name": "genome-eu/hpp",
            "version": "2.0.1",
            "source": {
                "type": "git",
                "url": "https://github.com/genome-eu/hpp.git",
                "reference": "8c66962f65436a3ec2454b40c11d179fe48fda0c"
            },
            "dist": {
                "type": "zip",
                "url": "https://api.github.com/repos/genome-eu/hpp/zipball/8c66962f65436a3ec2454b40c11d179fe48fda0c",
                "reference": "8c66962f65436a3ec2454b40c11d179fe48fda0c",
                "shasum": ""
            },
            "require": {
                "ext-curl": "*",
                "ext-iconv": "*",
                "ext-json": "*",
                "ext-mbstring": "*",
                "php": ">=7.1",
                "psr/log": "~1.0"
            },
            "require-dev": {
                "phpstan/phpstan": "0.8.5",
                "squizlabs/php_codesniffer": "1.5.3"
            },
            "type": "library",
            "extra": {
                "branch-alias": {
                    "dev-master": "2.0-dev"
                }
            },
            "autoload": {
                "psr-4": {
                    "Genome\\": "src/"
                }
            },
            "notification-url": "https://packagist.org/downloads/",
            "license": [
                "MIT"
            ],
            "authors": [
                {
                    "name": "Genome team",
                    "homepage": "https://github.com/genome-eu"
                }
            ],
            "description": "Genome PHP Library",
            "homepage": "https://genome.eu/",
            "keywords": [
                "genome"
            ],
            "time": "2020-08-10T09:05:05+00:00"
        },
        {
            "name": "psr/log",
            "version": "1.1.3",
            "source": {
                "type": "git",
                "url": "https://github.com/php-fig/log.git",
                "reference": "0f73288fd15629204f9d42b7055f72dacbe811fc"
            },
            "dist": {
                "type": "zip",
                "url": "https://api.github.com/repos/php-fig/log/zipball/0f73288fd15629204f9d42b7055f72dacbe811fc",
                "reference": "0f73288fd15629204f9d42b7055f72dacbe811fc",
                "shasum": ""
            },
            "require": {
                "php": ">=5.3.0"
            },
            "type": "library",
            "extra": {
                "branch-alias": {
                    "dev-master": "1.1.x-dev"
                }
            },
            "autoload": {
                "psr-4": {
                    "Psr\\Log\\": "Psr/Log/"
                }
            },
            "notification-url": "https://packagist.org/downloads/",
            "license": [
                "MIT"
            ],
            "authors": [
                {
                    "name": "PHP-FIG",
                    "homepage": "http://www.php-fig.org/"
                }
            ],
            "description": "Common interface for logging libraries",
            "homepage": "https://github.com/php-fig/log",
            "keywords": [
                "log",
                "psr",
                "psr-3"
            ],
            "time": "2020-03-23T09:12:05+00:00"
        }
    ],
    "packages-dev": [],
    "aliases": [],
    "minimum-stability": "stable",
    "stability-flags": [],
    "prefer-stable": false,
    "prefer-lowest": false,
    "platform": {
        "php": ">=7.1"
    },
    "platform-dev": []
}
